// !$*UTF8*$!
{
	archiveVersion = 1;
	classes = {
	};
	objectVersion = 46;
	objects = {

/* Begin PBXBuildFile section */
		AD7B23E716CFD50A002BD74C /* Foundation.framework in Frameworks */ = {isa = PBXBuildFile; fileRef = AD7B23E616CFD50A002BD74C /* Foundation.framework */; };
		ADBD47E716D0A8B200DE8EDC /* Animal.m in Sources */ = {isa = PBXBuildFile; fileRef = ADBD47E616D0A8B200DE8EDC /* Animal.m */; };
		ADBD47EA16D0A8D200DE8EDC /* Wolf.m in Sources */ = {isa = PBXBuildFile; fileRef = ADBD47E916D0A8D200DE8EDC /* Wolf.m */; };
		ADBD47EC16D0A8D900DE8EDC /* main.m in Sources */ = {isa = PBXBuildFile; fileRef = ADBD47EB16D0A8D900DE8EDC /* main.m */; };
		ADBD47F016D0B20300DE8EDC /* Dog.m in Sources */ = {isa = PBXBuildFile; fileRef = ADBD47EF16D0B20300DE8EDC /* Dog.m */; };
		ADBD47F316D0B48C00DE8EDC /* Fox.m in Sources */ = {isa = PBXBuildFile; fileRef = ADBD47F216D0B48C00DE8EDC /* Fox.m */; };
/* End PBXBuildFile section */

/* Begin PBXCopyFilesBuildPhase section */
		AD7B23E116CFD50A002BD74C /* CopyFiles */ = {
			isa = PBXCopyFilesBuildPhase;
			buildActionMask = 2147483647;
			dstPath = /usr/share/man/man1/;
			dstSubfolderSpec = 0;
			files = (
			);
			runOnlyForDeploymentPostprocessing = 1;
		};
/* End PBXCopyFilesBuildPhase section */

/* Begin PBXFileReference section */
		AD7B23E316CFD50A002BD74C /* DesignPattern */ = {isa = PBXFileReference; explicitFileType = "compiled.mach-o.executable"; includeInIndex = 0; path = DesignPattern; sourceTree = BUILT_PRODUCTS_DIR; };
		AD7B23E616CFD50A002BD74C /* Foundation.framework */ = {isa = PBXFileReference; lastKnownFileType = wrapper.framework; name = Foundation.framework; path = System/Library/Frameworks/Foundation.framework; sourceTree = SDKROOT; };
		AD7B23EC16CFD50A002BD74C /* DesignPattern-Prefix.pch */ = {isa = PBXFileReference; lastKnownFileType = sourcecode.c.h; path = "DesignPattern-Prefix.pch"; sourceTree = "<group>"; };
		ADBD47E516D0A8B200DE8EDC /* Animal.h */ = {isa = PBXFileReference; fileEncoding = 4; lastKnownFileType = sourcecode.c.h; path = Animal.h; sourceTree = "<group>"; };
		ADBD47E616D0A8B200DE8EDC /* Animal.m */ = {isa = PBXFileReference; fileEncoding = 4; lastKnownFileType = sourcecode.c.objc; path = Animal.m; sourceTree = "<group>"; };
		ADBD47E816D0A8D200DE8EDC /* Wolf.h */ = {isa = PBXFileReference; fileEncoding = 4; lastKnownFileType = sourcecode.c.h; path = Wolf.h; sourceTree = "<group>"; };
		ADBD47E916D0A8D200DE8EDC /* Wolf.m */ = {isa = PBXFileReference; fileEncoding = 4; lastKnownFileType = sourcecode.c.objc; path = Wolf.m; sourceTree = "<group>"; };
		ADBD47EB16D0A8D900DE8EDC /* main.m */ = {isa = PBXFileReference; fileEncoding = 4; lastKnownFileType = sourcecode.c.objc; path = main.m; sourceTree = "<group>"; };
		ADBD47ED16D0A94E00DE8EDC /* DesignPattern.1 */ = {isa = PBXFileReference; fileEncoding = 4; lastKnownFileType = text.man; path = DesignPattern.1; sourceTree = "<group>"; };
		ADBD47EE16D0B20300DE8EDC /* Dog.h */ = {isa = PBXFileReference; fileEncoding = 4; lastKnownFileType = sourcecode.c.h; path = Dog.h; sourceTree = "<group>"; };
		ADBD47EF16D0B20300DE8EDC /* Dog.m */ = {isa = PBXFileReference; fileEncoding = 4; lastKnownFileType = sourcecode.c.objc; path = Dog.m; sourceTree = "<group>"; };
		ADBD47F116D0B48B00DE8EDC /* Fox.h */ = {isa = PBXFileReference; fileEncoding = 4; lastKnownFileType = sourcecode.c.h; path = Fox.h; sourceTree = "<group>"; };
		ADBD47F216D0B48C00DE8EDC /* Fox.m */ = {isa = PBXFileReference; fileEncoding = 4; lastKnownFileType = sourcecode.c.objc; path = Fox.m; sourceTree = "<group>"; };
/* End PBXFileReference section */

/* Begin PBXFrameworksBuildPhase section */
		AD7B23E016CFD50A002BD74C /* Frameworks */ = {
			isa = PBXFrameworksBuildPhase;
			buildActionMask = 2147483647;
			files = (
				AD7B23E716CFD50A002BD74C /* Foundation.framework in Frameworks */,
			);
			runOnlyForDeploymentPostprocessing = 0;
		};
/* End PBXFrameworksBuildPhase section */

/* Begin PBXGroup section */
		AD7B23DA16CFD509002BD74C = {
			isa = PBXGroup;
			children = (
				ADBD47ED16D0A94E00DE8EDC /* DesignPattern.1 */,
				ADBD47EB16D0A8D900DE8EDC /* main.m */,
				ADBD47F116D0B48B00DE8EDC /* Fox.h */,
				ADBD47F216D0B48C00DE8EDC /* Fox.m */,
				ADBD47E816D0A8D200DE8EDC /* Wolf.h */,
				ADBD47EE16D0B20300DE8EDC /* Dog.h */,
				ADBD47EF16D0B20300DE8EDC /* Dog.m */,
				ADBD47E916D0A8D200DE8EDC /* Wolf.m */,
				ADBD47E516D0A8B200DE8EDC /* Animal.h */,
				ADBD47E616D0A8B200DE8EDC /* Animal.m */,
				AD7B23E816CFD50A002BD74C /* DesignPattern */,
				AD7B23E516CFD50A002BD74C /* Frameworks */,
				AD7B23E416CFD50A002BD74C /* Products */,
			);
			sourceTree = "<group>";
		};
		AD7B23E416CFD50A002BD74C /* Products */ = {
			isa = PBXGroup;
			children = (
				AD7B23E316CFD50A002BD74C /* DesignPattern */,
			);
			name = Products;
			sourceTree = "<group>";
		};
		AD7B23E516CFD50A002BD74C /* Frameworks */ = {
			isa = PBXGroup;
			children = (
				AD7B23E616CFD50A002BD74C /* Foundation.framework */,
			);
			name = Frameworks;
			sourceTree = "<group>";
		};
		AD7B23E816CFD50A002BD74C /* DesignPattern */ = {
			isa = PBXGroup;
			children = (
				AD7B23EB16CFD50A002BD74C /* Supporting Files */,
			);
			path = DesignPattern;
			sourceTree = "<group>";
		};
		AD7B23EB16CFD50A002BD74C /* Supporting Files */ = {
			isa = PBXGroup;
			children = (
				AD7B23EC16CFD50A002BD74C /* DesignPattern-Prefix.pch */,
			);
			name = "Supporting Files";
			sourceTree = "<group>";
		};
/* End PBXGroup section */

/* Begin PBXNativeTarget section */
		AD7B23E216CFD50A002BD74C /* DesignPattern */ = {
			isa = PBXNativeTarget;
			buildConfigurationList = AD7B23F116CFD50A002BD74C /* Build configuration list for PBXNativeTarget "DesignPattern" */;
			buildPhases = (
				AD7B23DF16CFD50A002BD74C /* Sources */,
				AD7B23E016CFD50A002BD74C /* Frameworks */,
				AD7B23E116CFD50A002BD74C /* CopyFiles */,
			);
			buildRules = (
			);
			dependencies = (
			);
			name = DesignPattern;
			productName = DesignPattern;
			productReference = AD7B23E316CFD50A002BD74C /* DesignPattern */;
			productType = "com.apple.product-type.tool";
		};
/* End PBXNativeTarget section */

/* Begin PBXProject section */
		AD7B23DB16CFD509002BD74C /* Project object */ = {
			isa = PBXProject;
			attributes = {
				LastUpgradeCheck = 0460;
				ORGANIZATIONNAME = Sanny;
			};
			buildConfigurationList = AD7B23DE16CFD509002BD74C /* Build configuration list for PBXProject "DesignPattern" */;
			compatibilityVersion = "Xcode 3.2";
			developmentRegion = English;
			hasScannedForEncodings = 0;
			knownRegions = (
				en,
			);
			mainGroup = AD7B23DA16CFD509002BD74C;
			productRefGroup = AD7B23E416CFD50A002BD74C /* Products */;
			projectDirPath = "";
			projectRoot = "";
			targets = (
				AD7B23E216CFD50A002BD74C /* DesignPattern */,
			);
		};
/* End PBXProject section */

/* Begin PBXSourcesBuildPhase section */
		AD7B23DF16CFD50A002BD74C /* Sources */ = {
			isa = PBXSourcesBuildPhase;
			buildActionMask = 2147483647;
			files = (
				ADBD47E716D0A8B200DE8EDC /* Animal.m in Sources */,
				ADBD47EA16D0A8D200DE8EDC /* Wolf.m in Sources */,
				ADBD47EC16D0A8D900DE8EDC /* main.m in Sources */,
				ADBD47F016D0B20300DE8EDC /* Dog.m in Sources */,
				ADBD47F316D0B48C00DE8EDC /* Fox.m in Sources */,
			);
			runOnlyForDeploymentPostprocessing = 0;
		};
/* End PBXSourcesBuildPhase section */

/* Begin XCBuildConfiguration section */
		AD7B23EF16CFD50A002BD74C /* Debug */ = {
			isa = XCBuildConfiguration;
			buildSettings = {
				ALWAYS_SEARCH_USER_PATHS = NO;
				ARCHS = "$(ARCHS_STANDARD_64_BIT)";
				CLANG_CXX_LANGUAGE_STANDARD = "gnu++0x";
				CLANG_CXX_LIBRARY = "libc++";
				CLANG_WARN_CONSTANT_CONVERSION = YES;
				CLANG_WARN_EMPTY_BODY = YES;
				CLANG_WARN_ENUM_CONVERSION = YES;
				CLANG_WARN_INT_CONVERSION = YES;
				CLANG_WARN__DUPLICATE_METHOD_MATCH = YES;
				COPY_PHASE_STRIP = NO;
				GCC_C_LANGUAGE_STANDARD = gnu99;
				GCC_DYNAMIC_NO_PIC = NO;
				GCC_ENABLE_OBJC_EXCEPTIONS = YES;
				GCC_OPTIMIZATION_LEVEL = 0;
				GCC_PREPROCESSOR_DEFINITIONS = (
					"DEBUG=1",
					"$(inherited)",
				);
				GCC_SYMBOLS_PRIVATE_EXTERN = NO;
				GCC_WARN_64_TO_32_BIT_CONVERSION = YES;
				GCC_WARN_ABOUT_RETURN_TYPE = YES;
				GCC_WARN_UNINITIALIZED_AUTOS = YES;
				GCC_WARN_UNUSED_VARIABLE = YES;
				MACOSX_DEPLOYMENT_TARGET = 10.8;
				ONLY_ACTIVE_ARCH = YES;
				SDKROOT = macosx;
			};
			name = Debug;
		};
		AD7B23F016CFD50A002BD74C /* Release */ = {
			isa = XCBuildConfiguration;
			buildSettings = {
				ALWAYS_SEARCH_USER_PATHS = NO;
				ARCHS = "$(ARCHS_STANDARD_64_BIT)";
				CLANG_CXX_LANGUAGE_STANDARD = "gnu++0x";
				CLANG_CXX_LIBRARY = "libc++";
				CLANG_WARN_CONSTANT_CONVERSION = YES;
				CLANG_WARN_EMPTY_BODY = YES;
				CLANG_WARN_ENUM_CONVERSION = YES;
				CLANG_WARN_INT_CONVERSION = YES;
				CLANG_WARN__DUPLICATE_METHOD_MATCH = YES;
				COPY_PHASE_STRIP = YES;
				DEBUG_INFORMATION_FORMAT = "dwarf-with-dsym";
				GCC_C_LANGUAGE_STANDARD = gnu99;
				GCC_ENABLE_OBJC_EXCEPTIONS = YES;
				GCC_WARN_64_TO_32_BIT_CONVERSION = YES;
				GCC_WARN_ABOUT_RETURN_TYPE = YES;
				GCC_WARN_UNINITIALIZED_AUTOS = YES;
				GCC_WARN_UNUSED_VARIABLE = YES;
				MACOSX_DEPLOYMENT_TARGET = 10.8;
				SDKROOT = macosx;
			};
			name = Release;
		};
		AD7B23F216CFD50A002BD74C /* Debug */ = {
			isa = XCBuildConfiguration;
			buildSettings = {
				GCC_PRECOMPILE_PREFIX_HEADER = YES;
				GCC_PREFIX_HEADER = "DesignPattern/DesignPattern-Prefix.pch";
				PRODUCT_NAME = "$(TARGET_NAME)";
			};
			name = Debug;
		};
		AD7B23F316CFD50A002BD74C /* Release */ = {
			isa = XCBuildConfiguration;
			buildSettings = {
				GCC_PRECOMPILE_PREFIX_HEADER = YES;
				GCC_PREFIX_HEADER = "DesignPattern/DesignPattern-Prefix.pch";
				PRODUCT_NAME = "$(TARGET_NAME)";
			};
			name = Release;
		};
/* End XCBuildConfiguration section */

/* Begin XCConfigurationList section */
		AD7B23DE16CFD509002BD74C /* Build configuration list for PBXProject "DesignPattern" */ = {
			isa = XCConfigurationList;
			buildConfigurations = (
				AD7B23EF16CFD50A002BD74C /* Debug */,
				AD7B23F016CFD50A002BD74C /* Release */,
			);
			defaultConfigurationIsVisible = 0;
			defaultConfigurationName = Release;
		};
		AD7B23F116CFD50A002BD74C /* Build configuration list for PBXNativeTarget "DesignPattern" */ = {
			isa = XCConfigurationList;
			buildConfigurations = (
				AD7B23F216CFD50A002BD74C /* Debug */,
				AD7B23F316CFD50A002BD74C /* Release */,
			);
			defaultConfigurationIsVisible = 0;
			defaultConfigurationName = Release;
		};
/* End XCConfigurationList section */
	};
	rootObject = AD7B23DB16CFD509002BD74C /* Project object */;
}
